{
  "version": 2,
  "dependencies": {
    "net10.0-windows10.0.19041": {
      "AsmResolver": {
        "type": "Transitive",
        "resolved": "6.0.0",
        "contentHash": "yOTKBIqNvL2tcDKtWhg2snlCGBXeGJyCU09W9vKKqxLj3COe8Ak4Hl3iA0+T3Yq+sPl7UGSVXlm0GWSr2e/K+Q=="
      },
      "AsmResolver.PE.File": {
        "type": "Transitive",
        "resolved": "6.0.0",
        "contentHash": "Qrmr46G85Q/MFvNv61rTc7hJmknjqzK9f3boV5zUfHx/1UO5K3xG6F+HI/j271h4Y7kczliFqdbMG3qy3EEOWA==",
        "dependencies": {
          "AsmResolver": "6.0.0"
        }
      },
      "runornope.analyzers.content": {
        "type": "Project",
        "dependencies": {
          "RunOrNope.Contracts": "[1.0.0, )"
        }
      },
      "runornope.analyzers.msi": {
        "type": "Project",
        "dependencies": {
          "RunOrNope.Contracts": "[1.0.0, )"
        }
      },
      "runornope.analyzers.pe": {
        "type": "Project",
        "dependencies": {
          "AsmResolver.PE": "[6.0.0, )",
          "RunOrNope.Contracts": "[1.0.0, )"
        }
      },
      "runornope.contracts": {
        "type": "Project"
      },
      "runornope.rules": {
        "type": "Project",
        "dependencies": {
          "RunOrNope.Contracts": "[1.0.0, )"
        }
      },
      "AsmResolver.PE": {
        "type": "CentralTransitive",
        "requested": "[6.0.0, )",
        "resolved": "6.0.0",
        "contentHash": "KWq4qVqdtRZUmqeB9R5aqDqChlyQMLa7lsLmtOQ/pSzQGKZXesnZTztbVw0X5ojKx+SDU9NoXeya0WFmgo/TXg==",
        "dependencies": {
          "AsmResolver.PE.File": "6.0.0"
        }
      }
    },
    "net10.0-windows10.0.19041/win-x64": {}
  }
}